// !$*UTF8*$!
{
	archiveVersion = 1;
	classes = {
	};
	objectVersion = 48;
	objects = {

/* Begin PBXBuildFile section */
		8942624D1FB0DDA000B67C17 /* AppDelegate.swift in Sources */ = {isa = PBXBuildFile; fileRef = 8942624C1FB0DDA000B67C17 /* AppDelegate.swift */; };
		8942624F1FB0DDA000B67C17 /* ViewController.swift in Sources */ = {isa = PBXBuildFile; fileRef = 8942624E1FB0DDA000B67C17 /* ViewController.swift */; };
		894262521FB0DDA000B67C17 /* Main.storyboard in Resources */ = {isa = PBXBuildFile; fileRef = 894262501FB0DDA000B67C17 /* Main.storyboard */; };
		894262541FB0DDA000B67C17 /* Assets.xcassets in Resources */ = {isa = PBXBuildFile; fileRef = 894262531FB0DDA000B67C17 /* Assets.xcassets */; };
		894262571FB0DDA000B67C17 /* LaunchScreen.storyboard in Resources */ = {isa = PBXBuildFile; fileRef = 894262551FB0DDA000B67C17 /* LaunchScreen.storyboard */; };
		895AA6C91FB4152B00EC09FF /* trench100free.ttf in Resources */ = {isa = PBXBuildFile; fileRef = 895AA6C71FB4152B00EC09FF /* trench100free.ttf */; };
		895AA6CA1FB4152B00EC09FF /* trench100free.otf in Resources */ = {isa = PBXBuildFile; fileRef = 895AA6C81FB4152B00EC09FF /* trench100free.otf */; };
		895AA6CE1FB41BA800EC09FF /* SetterViewController.swift in Sources */ = {isa = PBXBuildFile; fileRef = 895AA6CD1FB41BA800EC09FF /* SetterViewController.swift */; };
		89EA515F1FB430AB00F77BA3 /* RoundedButton.swift in Sources */ = {isa = PBXBuildFile; fileRef = 89EA515E1FB430AB00F77BA3 /* RoundedButton.swift */; };
		89EA51611FB4335300F77BA3 /* StylizedTimeLabel.swift in Sources */ = {isa = PBXBuildFile; fileRef = 89EA51601FB4335300F77BA3 /* StylizedTimeLabel.swift */; };
		89EA51631FB439CF00F77BA3 /* topBtn.swift in Sources */ = {isa = PBXBuildFile; fileRef = 89EA51621FB439CF00F77BA3 /* topBtn.swift */; };
		89EA51651FB43CDD00F77BA3 /* bottomBtn.swift in Sources */ = {isa = PBXBuildFile; fileRef = 89EA51641FB43CDD00F77BA3 /* bottomBtn.swift */; };
/* End PBXBuildFile section */

/* Begin PBXFileReference section */
		894262491FB0DDA000B67C17 /* Wake Me Up.app */ = {isa = PBXFileReference; explicitFileType = wrapper.application; includeInIndex = 0; path = "Wake Me Up.app"; sourceTree = BUILT_PRODUCTS_DIR; };
		8942624C1FB0DDA000B67C17 /* AppDelegate.swift */ = {isa = PBXFileReference; lastKnownFileType = sourcecode.swift; path = AppDelegate.swift; sourceTree = "<group>"; };
		8942624E1FB0DDA000B67C17 /* ViewController.swift */ = {isa = PBXFileReference; lastKnownFileType = sourcecode.swift; path = ViewController.swift; sourceTree = "<group>"; };
		894262511FB0DDA000B67C17 /* Base */ = {isa = PBXFileReference; lastKnownFileType = file.storyboard; name = Base; path = Base.lproj/Main.storyboard; sourceTree = "<group>"; };
		894262531FB0DDA000B67C17 /* Assets.xcassets */ = {isa = PBXFileReference; lastKnownFileType = folder.assetcatalog; path = Assets.xcassets; sourceTree = "<group>"; };
		894262561FB0DDA000B67C17 /* Base */ = {isa = PBXFileReference; lastKnownFileType = file.storyboard; name = Base; path = Base.lproj/LaunchScreen.storyboard; sourceTree = "<group>"; };
		894262581FB0DDA000B67C17 /* Info.plist */ = {isa = PBXFileReference; lastKnownFileType = text.plist.xml; path = Info.plist; sourceTree = "<group>"; };
		895AA6C71FB4152B00EC09FF /* trench100free.ttf */ = {isa = PBXFileReference; lastKnownFileType = file; path = trench100free.ttf; sourceTree = "<group>"; };
		895AA6C81FB4152B00EC09FF /* trench100free.otf */ = {isa = PBXFileReference; lastKnownFileType = file; path = trench100free.otf; sourceTree = "<group>"; };
		895AA6CD1FB41BA800EC09FF /* SetterViewController.swift */ = {isa = PBXFileReference; lastKnownFileType = sourcecode.swift; path = SetterViewController.swift; sourceTree = "<group>"; };
		89EA515E1FB430AB00F77BA3 /* RoundedButton.swift */ = {isa = PBXFileReference; lastKnownFileType = sourcecode.swift; path = RoundedButton.swift; sourceTree = "<group>"; };
		89EA51601FB4335300F77BA3 /* StylizedTimeLabel.swift */ = {isa = PBXFileReference; lastKnownFileType = sourcecode.swift; path = StylizedTimeLabel.swift; sourceTree = "<group>"; };
		89EA51621FB439CF00F77BA3 /* topBtn.swift */ = {isa = PBXFileReference; lastKnownFileType = sourcecode.swift; path = topBtn.swift; sourceTree = "<group>"; };
		89EA51641FB43CDD00F77BA3 /* bottomBtn.swift */ = {isa = PBXFileReference; lastKnownFileType = sourcecode.swift; path = bottomBtn.swift; sourceTree = "<group>"; };
/* End PBXFileReference section */

/* Begin PBXFrameworksBuildPhase section */
		894262461FB0DDA000B67C17 /* Frameworks */ = {
			isa = PBXFrameworksBuildPhase;
			buildActionMask = 2147483647;
			files = (
			);
			runOnlyForDeploymentPostprocessing = 0;
		};
/* End PBXFrameworksBuildPhase section */

/* Begin PBXGroup section */
		894262401FB0DDA000B67C17 = {
			isa = PBXGroup;
			children = (
				8942624B1FB0DDA000B67C17 /* Wake Me Up */,
				8942624A1FB0DDA000B67C17 /* Products */,
			);
			sourceTree = "<group>";
		};
		8942624A1FB0DDA000B67C17 /* Products */ = {
			isa = PBXGroup;
			children = (
				894262491FB0DDA000B67C17 /* Wake Me Up.app */,
			);
			name = Products;
			sourceTree = "<group>";
		};
		8942624B1FB0DDA000B67C17 /* Wake Me Up */ = {
			isa = PBXGroup;
			children = (
				895AA6C61FB4151500EC09FF /* Custom Font */,
				8942624C1FB0DDA000B67C17 /* AppDelegate.swift */,
				8942624E1FB0DDA000B67C17 /* ViewController.swift */,
				894262501FB0DDA000B67C17 /* Main.storyboard */,
				894262531FB0DDA000B67C17 /* Assets.xcassets */,
				894262551FB0DDA000B67C17 /* LaunchScreen.storyboard */,
				894262581FB0DDA000B67C17 /* Info.plist */,
				895AA6CD1FB41BA800EC09FF /* SetterViewController.swift */,
				89EA515E1FB430AB00F77BA3 /* RoundedButton.swift */,
				89EA51601FB4335300F77BA3 /* StylizedTimeLabel.swift */,
				89EA51621FB439CF00F77BA3 /* topBtn.swift */,
				89EA51641FB43CDD00F77BA3 /* bottomBtn.swift */,
			);
			path = "Wake Me Up";
			sourceTree = "<group>";
		};
		895AA6C61FB4151500EC09FF /* Custom Font */ = {
			isa = PBXGroup;
			children = (
				895AA6C81FB4152B00EC09FF /* trench100free.otf */,
				895AA6C71FB4152B00EC09FF /* trench100free.ttf */,
			);
			path = "Custom Font";
			sourceTree = "<group>";
		};
/* End PBXGroup section */

/* Begin PBXNativeTarget section */
		894262481FB0DDA000B67C17 /* Wake Me Up */ = {
			isa = PBXNativeTarget;
			buildConfigurationList = 8942625B1FB0DDA000B67C17 /* Build configuration list for PBXNativeTarget "Wake Me Up" */;
			buildPhases = (
				894262451FB0DDA000B67C17 /* Sources */,
				894262461FB0DDA000B67C17 /* Frameworks */,
				894262471FB0DDA000B67C17 /* Resources */,
			);
			buildRules = (
			);
			dependencies = (
			);
			name = "Wake Me Up";
			productName = "Wake Me Up";
			productReference = 894262491FB0DDA000B67C17 /* Wake Me Up.app */;
			productType = "com.apple.product-type.application";
		};
/* End PBXNativeTarget section */

/* Begin PBXProject section */
		894262411FB0DDA000B67C17 /* Project object */ = {
			isa = PBXProject;
			attributes = {
				LastSwiftUpdateCheck = 0910;
				LastUpgradeCheck = 0910;
				ORGANIZATIONNAME = "Richard Chiang";
				TargetAttributes = {
					894262481FB0DDA000B67C17 = {
						CreatedOnToolsVersion = 9.1;
						ProvisioningStyle = Automatic;
					};
				};
			};
			buildConfigurationList = 894262441FB0DDA000B67C17 /* Build configuration list for PBXProject "Wake Me Up" */;
			compatibilityVersion = "Xcode 8.0";
			developmentRegion = en;
			hasScannedForEncodings = 0;
			knownRegions = (
				en,
				Base,
			);
			mainGroup = 894262401FB0DDA000B67C17;
			productRefGroup = 8942624A1FB0DDA000B67C17 /* Products */;
			projectDirPath = "";
			projectRoot = "";
			targets = (
				894262481FB0DDA000B67C17 /* Wake Me Up */,
			);
		};
/* End PBXProject section */

/* Begin PBXResourcesBuildPhase section */
		894262471FB0DDA000B67C17 /* Resources */ = {
			isa = PBXResourcesBuildPhase;
			buildActionMask = 2147483647;
			files = (
				895AA6C91FB4152B00EC09FF /* trench100free.ttf in Resources */,
				895AA6CA1FB4152B00EC09FF /* trench100free.otf in Resources */,
				894262571FB0DDA000B67C17 /* LaunchScreen.storyboard in Resources */,
				894262541FB0DDA000B67C17 /* Assets.xcassets in Resources */,
				894262521FB0DDA000B67C17 /* Main.storyboard in Resources */,
			);
			runOnlyForDeploymentPostprocessing = 0;
		};
/* End PBXResourcesBuildPhase section */

/* Begin PBXSourcesBuildPhase section */
		894262451FB0DDA000B67C17 /* Sources */ = {
			isa = PBXSourcesBuildPhase;
			buildActionMask = 2147483647;
			files = (
				8942624F1FB0DDA000B67C17 /* ViewController.swift in Sources */,
				8942624D1FB0DDA000B67C17 /* AppDelegate.swift in Sources */,
				89EA51631FB439CF00F77BA3 /* topBtn.swift in Sources */,
				895AA6CE1FB41BA800EC09FF /* SetterViewController.swift in Sources */,
				89EA515F1FB430AB00F77BA3 /* RoundedButton.swift in Sources */,
				89EA51611FB4335300F77BA3 /* StylizedTimeLabel.swift in Sources */,
				89EA51651FB43CDD00F77BA3 /* bottomBtn.swift in Sources */,
			);
			runOnlyForDeploymentPostprocessing = 0;
		};
/* End PBXSourcesBuildPhase section */

/* Begin PBXVariantGroup section */
		894262501FB0DDA000B67C17 /* Main.storyboard */ = {
			isa = PBXVariantGroup;
			children = (
				894262511FB0DDA000B67C17 /* Base */,
			);
			name = Main.storyboard;
			sourceTree = "<group>";
		};
		894262551FB0DDA000B67C17 /* LaunchScreen.storyboard */ = {
			isa = PBXVariantGroup;
			children = (
				894262561FB0DDA000B67C17 /* Base */,
			);
			name = LaunchScreen.storyboard;
			sourceTree = "<group>";
		};
/* End PBXVariantGroup section */

/* Begin XCBuildConfiguration section */
		894262591FB0DDA000B67C17 /* Debug */ = {
			isa = XCBuildConfiguration;
			buildSettings = {
				ALWAYS_SEARCH_USER_PATHS = NO;
				CLANG_ANALYZER_NONNULL = YES;
				CLANG_ANALYZER_NUMBER_OBJECT_CONVERSION = YES_AGGRESSIVE;
				CLANG_CXX_LANGUAGE_STANDARD = "gnu++14";
				CLANG_CXX_LIBRARY = "libc++";
				CLANG_ENABLE_MODULES = YES;
				CLANG_ENABLE_OBJC_ARC = YES;
				CLANG_WARN_BLOCK_CAPTURE_AUTORELEASING = YES;
				CLANG_WARN_BOOL_CONVERSION = YES;
				CLANG_WARN_COMMA = YES;
				CLANG_WARN_CONSTANT_CONVERSION = YES;
				CLANG_WARN_DIRECT_OBJC_ISA_USAGE = YES_ERROR;
				CLANG_WARN_DOCUMENTATION_COMMENTS = YES;
				CLANG_WARN_EMPTY_BODY = YES;
				CLANG_WARN_ENUM_CONVERSION = YES;
				CLANG_WARN_INFINITE_RECURSION = YES;
				CLANG_WARN_INT_CONVERSION = YES;
				CLANG_WARN_NON_LITERAL_NULL_CONVERSION = YES;
				CLANG_WARN_OBJC_LITERAL_CONVERSION = YES;
				CLANG_WARN_OBJC_ROOT_CLASS = YES_ERROR;
				CLANG_WARN_RANGE_LOOP_ANALYSIS = YES;
				CLANG_WARN_STRICT_PROTOTYPES = YES;
				CLANG_WARN_SUSPICIOUS_MOVE = YES;
				CLANG_WARN_UNGUARDED_AVAILABILITY = YES_AGGRESSIVE;
				CLANG_WARN_UNREACHABLE_CODE = YES;
				CLANG_WARN__DUPLICATE_METHOD_MATCH = YES;
				CODE_SIGN_IDENTITY = "iPhone Developer";
				COPY_PHASE_STRIP = NO;
				DEBUG_INFORMATION_FORMAT = dwarf;
				ENABLE_STRICT_OBJC_MSGSEND = YES;
				ENABLE_TESTABILITY = YES;
				GCC_C_LANGUAGE_STANDARD = gnu11;
				GCC_DYNAMIC_NO_PIC = NO;
				GCC_NO_COMMON_BLOCKS = YES;
				GCC_OPTIMIZATION_LEVEL = 0;
				GCC_PREPROCESSOR_DEFINITIONS = (
					"DEBUG=1",
					"$(inherited)",
				);
				GCC_WARN_64_TO_32_BIT_CONVERSION = YES;
				GCC_WARN_ABOUT_RETURN_TYPE = YES_ERROR;
				GCC_WARN_UNDECLARED_SELECTOR = YES;
				GCC_WARN_UNINITIALIZED_AUTOS = YES_AGGRESSIVE;
				GCC_WARN_UNUSED_FUNCTION = YES;
				GCC_WARN_UNUSED_VARIABLE = YES;
				IPHONEOS_DEPLOYMENT_TARGET = 11.1;
				MTL_ENABLE_DEBUG_INFO = YES;
				ONLY_ACTIVE_ARCH = YES;
				SDKROOT = iphoneos;
				SWIFT_ACTIVE_COMPILATION_CONDITIONS = DEBUG;
				SWIFT_OPTIMIZATION_LEVEL = "-Onone";
			};
			name = Debug;
		};
		8942625A1FB0DDA000B67C17 /* Release */ = {
			isa = XCBuildConfiguration;
			buildSettings = {
				ALWAYS_SEARCH_USER_PATHS = NO;
				CLANG_ANALYZER_NONNULL = YES;
				CLANG_ANALYZER_NUMBER_OBJECT_CONVERSION = YES_AGGRESSIVE;
				CLANG_CXX_LANGUAGE_STANDARD = "gnu++14";
				CLANG_CXX_LIBRARY = "libc++";
				CLANG_ENABLE_MODULES = YES;
				CLANG_ENABLE_OBJC_ARC = YES;
				CLANG_WARN_BLOCK_CAPTURE_AUTORELEASING = YES;
				CLANG_WARN_BOOL_CONVERSION = YES;
				CLANG_WARN_COMMA = YES;
				CLANG_WARN_CONSTANT_CONVERSION = YES;
				CLANG_WARN_DIRECT_OBJC_ISA_USAGE = YES_ERROR;
				CLANG_WARN_DOCUMENTATION_COMMENTS = YES;
				CLANG_WARN_EMPTY_BODY = YES;
				CLANG_WARN_ENUM_CONVERSION = YES;
				CLANG_WARN_INFINITE_RECURSION = YES;
				CLANG_WARN_INT_CONVERSION = YES;
				CLANG_WARN_NON_LITERAL_NULL_CONVERSION = YES;
				CLANG_WARN_OBJC_LITERAL_CONVERSION = YES;
				CLANG_WARN_OBJC_ROOT_CLASS = YES_ERROR;
				CLANG_WARN_RANGE_LOOP_ANALYSIS = YES;
				CLANG_WARN_STRICT_PROTOTYPES = YES;
				CLANG_WARN_SUSPICIOUS_MOVE = YES;
				CLANG_WARN_UNGUARDED_AVAILABILITY = YES_AGGRESSIVE;
				CLANG_WARN_UNREACHABLE_CODE = YES;
				CLANG_WARN__DUPLICATE_METHOD_MATCH = YES;
				CODE_SIGN_IDENTITY = "iPhone Developer";
				COPY_PHASE_STRIP = NO;
				DEBUG_INFORMATION_FORMAT = "dwarf-with-dsym";
				ENABLE_NS_ASSERTIONS = NO;
				ENABLE_STRICT_OBJC_MSGSEND = YES;
				GCC_C_LANGUAGE_STANDARD = gnu11;
				GCC_NO_COMMON_BLOCKS = YES;
				GCC_WARN_64_TO_32_BIT_CONVERSION = YES;
				GCC_WARN_ABOUT_RETURN_TYPE = YES_ERROR;
				GCC_WARN_UNDECLARED_SELECTOR = YES;
				GCC_WARN_UNINITIALIZED_AUTOS = YES_AGGRESSIVE;
				GCC_WARN_UNUSED_FUNCTION = YES;
				GCC_WARN_UNUSED_VARIABLE = YES;
				IPHONEOS_DEPLOYMENT_TARGET = 11.1;
				MTL_ENABLE_DEBUG_INFO = NO;
				SDKROOT = iphoneos;
				SWIFT_OPTIMIZATION_LEVEL = "-Owholemodule";
				VALIDATE_PRODUCT = YES;
			};
			name = Release;
		};
		8942625C1FB0DDA000B67C17 /* Debug */ = {
			isa = XCBuildConfiguration;
			buildSettings = {
				ASSETCATALOG_COMPILER_APPICON_NAME = AppIcon;
				CODE_SIGN_STYLE = Automatic;
				DEVELOPMENT_TEAM = 2TU7GX5F43;
				INFOPLIST_FILE = "Wake Me Up/Info.plist";
				LD_RUNPATH_SEARCH_PATHS = "$(inherited) @executable_path/Frameworks";
				PRODUCT_BUNDLE_IDENTIFIER = "com.richardchiang.Wake-Me-Up";
				PRODUCT_NAME = "$(TARGET_NAME)";
				SWIFT_VERSION = 4.0;
				TARGETED_DEVICE_FAMILY = "1,2";
			};
			name = Debug;
		};
		8942625D1FB0DDA000B67C17 /* Release */ = {
			isa = XCBuildConfiguration;
			buildSettings = {
				ASSETCATALOG_COMPILER_APPICON_NAME = AppIcon;
				CODE_SIGN_STYLE = Automatic;
				DEVELOPMENT_TEAM = 2TU7GX5F43;
				INFOPLIST_FILE = "Wake Me Up/Info.plist";
				LD_RUNPATH_SEARCH_PATHS = "$(inherited) @executable_path/Frameworks";
				PRODUCT_BUNDLE_IDENTIFIER = "com.richardchiang.Wake-Me-Up";
				PRODUCT_NAME = "$(TARGET_NAME)";
				SWIFT_VERSION = 4.0;
				TARGETED_DEVICE_FAMILY = "1,2";
			};
			name = Release;
		};
/* End XCBuildConfiguration section */

/* Begin XCConfigurationList section */
		894262441FB0DDA000B67C17 /* Build configuration list for PBXProject "Wake Me Up" */ = {
			isa = XCConfigurationList;
			buildConfigurations = (
				894262591FB0DDA000B67C17 /* Debug */,
				8942625A1FB0DDA000B67C17 /* Release */,
			);
			defaultConfigurationIsVisible = 0;
			defaultConfigurationName = Release;
		};
		8942625B1FB0DDA000B67C17 /* Build configuration list for PBXNativeTarget "Wake Me Up" */ = {
			isa = XCConfigurationList;
			buildConfigurations = (
				8942625C1FB0DDA000B67C17 /* Debug */,
				8942625D1FB0DDA000B67C17 /* Release */,
			);
			defaultConfigurationIsVisible = 0;
			defaultConfigurationName = Release;
		};
/* End XCConfigurationList section */
	};
	rootObject = 894262411FB0DDA000B67C17 /* Project object */;
}
